
Microsoft Visual Studio Solution File, Format Version 12.00
# Visual Studio 15
VisualStudioVersion = 15.0.26124.0
MinimumVisualStudioVersion = 15.0.26124.0
Project("{2150E333-8FDC-42A3-9474-1A3956D46DE8}") = "samples", "samples", "{9CC401EE-5B33-460C-B78E-B98A1729D7C3}"
EndProject
Project("{FAE04EC0-301F-11D3-BF4B-00C04F79EFBC}") = "CodingMilitia.GrpcExtensions.HelloWorld", "samples\CodingMilitia.GrpcExtensions.HelloWorld\CodingMilitia.GrpcExtensions.HelloWorld.csproj", "{A05A3991-0296-41F4-BD2E-112E883A7EA9}"
EndProject
Project("{2150E333-8FDC-42A3-9474-1A3956D46DE8}") = "src", "src", "{7D84B15E-2DC4-42CF-B9A1-90AD90BB53C8}"
EndProject
Project("{FAE04EC0-301F-11D3-BF4B-00C04F79EFBC}") = "CodingMilitia.GrpcExtensions.Hosting", "src\CodingMilitia.GrpcExtensions.Hosting\CodingMilitia.GrpcExtensions.Hosting.csproj", "{4CF89B46-795C-4CC2-B880-96211274BCC0}"
EndProject
Project("{FAE04EC0-301F-11D3-BF4B-00C04F79EFBC}") = "CodingMilitia.GrpcExtensions.ScopedRequestHandlerSample", "samples\CodingMilitia.GrpcExtensions.ScopedRequestHandlerSample\CodingMilitia.GrpcExtensions.ScopedRequestHandlerSample.csproj", "{1262247D-E0B8-486C-B6AA-C8F695846924}"
EndProject
Project("{FAE04EC0-301F-11D3-BF4B-00C04F79EFBC}") = "CodingMilitia.GrpcExtensions.ScopedRequestHandlerClientSample", "samples\CodingMilitia.GrpcExtensions.ScopedRequestHandlerClientSample\CodingMilitia.GrpcExtensions.ScopedRequestHandlerClientSample.csproj", "{C0D51761-F50F-404C-9380-F86EB54E13EF}"
EndProject
Global
	GlobalSection(SolutionConfigurationPlatforms) = preSolution
		Debug|Any CPU = Debug|Any CPU
		Debug|x64 = Debug|x64
		Debug|x86 = Debug|x86
		Release|Any CPU = Release|Any CPU
		Release|x64 = Release|x64
		Release|x86 = Release|x86
	EndGlobalSection
	GlobalSection(SolutionProperties) = preSolution
		HideSolutionNode = FALSE
	EndGlobalSection
	GlobalSection(ProjectConfigurationPlatforms) = postSolution
		{A05A3991-0296-41F4-BD2E-112E883A7EA9}.Debug|Any CPU.ActiveCfg = Debug|Any CPU
		{A05A3991-0296-41F4-BD2E-112E883A7EA9}.Debug|Any CPU.Build.0 = Debug|Any CPU
		{A05A3991-0296-41F4-BD2E-112E883A7EA9}.Debug|x64.ActiveCfg = Debug|Any CPU
		{A05A3991-0296-41F4-BD2E-112E883A7EA9}.Debug|x64.Build.0 = Debug|Any CPU
		{A05A3991-0296-41F4-BD2E-112E883A7EA9}.Debug|x86.ActiveCfg = Debug|Any CPU
		{A05A3991-0296-41F4-BD2E-112E883A7EA9}.Debug|x86.Build.0 = Debug|Any CPU
		{A05A3991-0296-41F4-BD2E-112E883A7EA9}.Release|Any CPU.ActiveCfg = Release|Any CPU
		{A05A3991-0296-41F4-BD2E-112E883A7EA9}.Release|Any CPU.Build.0 = Release|Any CPU
		{A05A3991-0296-41F4-BD2E-112E883A7EA9}.Release|x64.ActiveCfg = Release|Any CPU
		{A05A3991-0296-41F4-BD2E-112E883A7EA9}.Release|x64.Build.0 = Release|Any CPU
		{A05A3991-0296-41F4-BD2E-112E883A7EA9}.Release|x86.ActiveCfg = Release|Any CPU
		{A05A3991-0296-41F4-BD2E-112E883A7EA9}.Release|x86.Build.0 = Release|Any CPU
		{4CF89B46-795C-4CC2-B880-96211274BCC0}.Debug|Any CPU.ActiveCfg = Debug|Any CPU
		{4CF89B46-795C-4CC2-B880-96211274BCC0}.Debug|Any CPU.Build.0 = Debug|Any CPU
		{4CF89B46-795C-4CC2-B880-96211274BCC0}.Debug|x64.ActiveCfg = Debug|Any CPU
		{4CF89B46-795C-4CC2-B880-96211274BCC0}.Debug|x64.Build.0 = Debug|Any CPU
		{4CF89B46-795C-4CC2-B880-96211274BCC0}.Debug|x86.ActiveCfg = Debug|Any CPU
		{4CF89B46-795C-4CC2-B880-96211274BCC0}.Debug|x86.Build.0 = Debug|Any CPU
		{4CF89B46-795C-4CC2-B880-96211274BCC0}.Release|Any CPU.ActiveCfg = Release|Any CPU
		{4CF89B46-795C-4CC2-B880-96211274BCC0}.Release|Any CPU.Build.0 = Release|Any CPU
		{4CF89B46-795C-4CC2-B880-96211274BCC0}.Release|x64.ActiveCfg = Release|Any CPU
		{4CF89B46-795C-4CC2-B880-96211274BCC0}.Release|x64.Build.0 = Release|Any CPU
		{4CF89B46-795C-4CC2-B880-96211274BCC0}.Release|x86.ActiveCfg = Release|Any CPU
		{4CF89B46-795C-4CC2-B880-96211274BCC0}.Release|x86.Build.0 = Release|Any CPU
		{1262247D-E0B8-486C-B6AA-C8F695846924}.Debug|Any CPU.ActiveCfg = Debug|Any CPU
		{1262247D-E0B8-486C-B6AA-C8F695846924}.Debug|Any CPU.Build.0 = Debug|Any CPU
		{1262247D-E0B8-486C-B6AA-C8F695846924}.Debug|x64.ActiveCfg = Debug|Any CPU
		{1262247D-E0B8-486C-B6AA-C8F695846924}.Debug|x64.Build.0 = Debug|Any CPU
		{1262247D-E0B8-486C-B6AA-C8F695846924}.Debug|x86.ActiveCfg = Debug|Any CPU
		{1262247D-E0B8-486C-B6AA-C8F695846924}.Debug|x86.Build.0 = Debug|Any CPU
		{1262247D-E0B8-486C-B6AA-C8F695846924}.Release|Any CPU.ActiveCfg = Release|Any CPU
		{1262247D-E0B8-486C-B6AA-C8F695846924}.Release|Any CPU.Build.0 = Release|Any CPU
		{1262247D-E0B8-486C-B6AA-C8F695846924}.Release|x64.ActiveCfg = Release|Any CPU
		{1262247D-E0B8-486C-B6AA-C8F695846924}.Release|x64.Build.0 = Release|Any CPU
		{1262247D-E0B8-486C-B6AA-C8F695846924}.Release|x86.ActiveCfg = Release|Any CPU
		{1262247D-E0B8-486C-B6AA-C8F695846924}.Release|x86.Build.0 = Release|Any CPU
		{C0D51761-F50F-404C-9380-F86EB54E13EF}.Debug|Any CPU.ActiveCfg = Debug|Any CPU
		{C0D51761-F50F-404C-9380-F86EB54E13EF}.Debug|Any CPU.Build.0 = Debug|Any CPU
		{C0D51761-F50F-404C-9380-F86EB54E13EF}.Debug|x64.ActiveCfg = Debug|Any CPU
		{C0D51761-F50F-404C-9380-F86EB54E13EF}.Debug|x64.Build.0 = Debug|Any CPU
		{C0D51761-F50F-404C-9380-F86EB54E13EF}.Debug|x86.ActiveCfg = Debug|Any CPU
		{C0D51761-F50F-404C-9380-F86EB54E13EF}.Debug|x86.Build.0 = Debug|Any CPU
		{C0D51761-F50F-404C-9380-F86EB54E13EF}.Release|Any CPU.ActiveCfg = Release|Any CPU
		{C0D51761-F50F-404C-9380-F86EB54E13EF}.Release|Any CPU.Build.0 = Release|Any CPU
		{C0D51761-F50F-404C-9380-F86EB54E13EF}.Release|x64.ActiveCfg = Release|Any CPU
		{C0D51761-F50F-404C-9380-F86EB54E13EF}.Release|x64.Build.0 = Release|Any CPU
		{C0D51761-F50F-404C-9380-F86EB54E13EF}.Release|x86.ActiveCfg = Release|Any CPU
		{C0D51761-F50F-404C-9380-F86EB54E13EF}.Release|x86.Build.0 = Release|Any CPU
	EndGlobalSection
	GlobalSection(NestedProjects) = preSolution
		{A05A3991-0296-41F4-BD2E-112E883A7EA9} = {9CC401EE-5B33-460C-B78E-B98A1729D7C3}
		{4CF89B46-795C-4CC2-B880-96211274BCC0} = {7D84B15E-2DC4-42CF-B9A1-90AD90BB53C8}
		{1262247D-E0B8-486C-B6AA-C8F695846924} = {9CC401EE-5B33-460C-B78E-B98A1729D7C3}
		{C0D51761-F50F-404C-9380-F86EB54E13EF} = {9CC401EE-5B33-460C-B78E-B98A1729D7C3}
	EndGlobalSection
EndGlobal
